
Microsoft Visual Studio Solution File, Format Version 10.00
# Visual Studio 2008
Project("{FAE04EC0-301F-11D3-BF4B-00C04F79EFBC}") = "Effectus", "Effectus\Effectus.csproj", "{B048EB00-F734-4728-B2AF-B6746D7BAEE3}"
EndProject
Global
	GlobalSection(SolutionConfigurationPlatforms) = preSolution
		Debug|Any CPU = Debug|Any CPU
		Release|Any CPU = Release|Any CPU
	EndGlobalSection
	GlobalSection(ProjectConfigurationPlatforms) = postSolution
		{B048EB00-F734-4728-B2AF-B6746D7BAEE3}.Debug|Any CPU.ActiveCfg = Debug|Any CPU
		{B048EB00-F734-4728-B2AF-B6746D7BAEE3}.Debug|Any CPU.Build.0 = Debug|Any CPU
		{B048EB00-F734-4728-B2AF-B6746D7BAEE3}.Release|Any CPU.ActiveCfg = Release|Any CPU
		{B048EB00-F734-4728-B2AF-B6746D7BAEE3}.Release|Any CPU.Build.0 = Release|Any CPU
	EndGlobalSection
	GlobalSection(SolutionProperties) = preSolution
		HideSolutionNode = FALSE
	EndGlobalSection
EndGlobal
